# THIS IS AN AUTOGENERATED FILE. DO NOT EDIT THIS FILE DIRECTLY.
# yarn lockfile v1


"@actions/core@^1.11.1":
  version "1.11.1"
  dependencies:
    "@actions/exec" "^1.1.1"
    "@actions/http-client" "^2.0.1"

"@actions/exec@^1.1.1":
  version "1.1.1"
  dependencies:
    "@actions/io" "^1.0.1"

"@actions/github@^6.0.1":
  version "6.0.1"
  dependencies:
    "@actions/http-client" "^2.2.0"
    "@octokit/core" "^5.0.1"
    "@octokit/plugin-paginate-rest" "^9.2.2"
    "@octokit/plugin-rest-endpoint-methods" "^10.4.0"
    "@octokit/request" "^8.4.1"
    "@octokit/request-error" "^5.1.1"
    undici "^5.28.5"

"@actions/http-client@^2.0.1":
  version "2.0.1"
  dependencies:
    tunnel "^0.0.6"

"@actions/http-client@^2.2.0":
  version "2.2.3"
  dependencies:
    tunnel "^0.0.6"
    undici "^5.25.4"

"@actions/io@^1.0.1":
  version "1.1.3"

"@fastify/busboy@^2.0.0":
  version "2.1.1"

"@octokit/auth-token@^4.0.0":
  version "4.0.0"

"@octokit/core@^5.0.1", "@octokit/core@5":
  version "5.2.2"
  dependencies:
    "@octokit/auth-token" "^4.0.0"
    "@octokit/graphql" "^7.1.0"
    "@octokit/request" "^8.4.1"
    "@octokit/request-error" "^5.1.1"
    "@octokit/types" "^13.0.0"
    before-after-hook "^2.2.0"
    universal-user-agent "^6.0.0"

"@octokit/endpoint@^9.0.6":
  version "9.0.6"
  dependencies:
    "@octokit/types" "^13.1.0"
    universal-user-agent "^6.0.0"

"@octokit/graphql@^7.1.0":
  version "7.1.1"
  dependencies:
    "@octokit/request" "^8.4.1"
    "@octokit/types" "^13.0.0"
    universal-user-agent "^6.0.0"

"@octokit/openapi-types@^20.0.0":
  version "20.0.0"

"@octokit/openapi-types@^24.2.0":
  version "24.2.0"

"@octokit/plugin-paginate-rest@^9.2.2":
  version "9.2.2"
  dependencies:
    "@octokit/types" "^12.6.0"

"@octokit/plugin-rest-endpoint-methods@^10.4.0":
  version "10.4.1"
  dependencies:
    "@octokit/types" "^12.6.0"

"@octokit/request-error@^5.1.1":
  version "5.1.1"
  dependencies:
    "@octokit/types" "^13.1.0"
    deprecation "^2.0.0"
    once "^1.4.0"

"@octokit/request@^8.4.1":
  version "8.4.1"
  dependencies:
    "@octokit/endpoint" "^9.0.6"
    "@octokit/request-error" "^5.1.1"
    "@octokit/types" "^13.1.0"
    universal-user-agent "^6.0.0"

"@octokit/types@^12.6.0":
  version "12.6.0"
  dependencies:
    "@octokit/openapi-types" "^20.0.0"

"@octokit/types@^13.0.0", "@octokit/types@^13.1.0":
  version "13.10.0"
  dependencies:
    "@octokit/openapi-types" "^24.2.0"

"@slack/bolt@^4.4.0":
  version "4.4.0"
  dependencies:
    "@slack/logger" "^4.0.0"
    "@slack/oauth" "^3.0.3"
    "@slack/socket-mode" "^2.0.4"
    "@slack/types" "^2.14.0"
    "@slack/web-api" "^7.9.1"
    axios "^1.8.3"
    express "^5.0.0"
    path-to-regexp "^8.1.0"
    raw-body "^3"
    tsscmp "^1.0.6"

"@slack/logger@^4", "@slack/logger@^4.0.0":
  version "4.0.0"
  dependencies:
    "@types/node" ">=18.0.0"

"@slack/oauth@^3.0.3":
  version "3.0.4"
  dependencies:
    "@slack/logger" "^4"
    "@slack/web-api" "^7.10.0"
    "@types/jsonwebtoken" "^9"
    "@types/node" ">=18"
    jsonwebtoken "^9"

"@slack/socket-mode@^2.0.4":
  version "2.0.5"
  dependencies:
    "@slack/logger" "^4"
    "@slack/web-api" "^7.10.0"
    "@types/node" ">=18"
    "@types/ws" "^8"
    eventemitter3 "^5"
    ws "^8"

"@slack/types@^2.14.0", "@slack/types@^2.9.0":
  version "2.16.0"

"@slack/web-api@^7.10.0", "@slack/web-api@^7.9.1":
  version "7.10.0"
  dependencies:
    "@slack/logger" "^4.0.0"
    "@slack/types" "^2.9.0"
    "@types/node" ">=18.0.0"
    "@types/retry" "0.12.0"
    axios "^1.11.0"
    eventemitter3 "^5.0.1"
    form-data "^4.0.4"
    is-electron "2.2.2"
    is-stream "^2"
    p-queue "^6"
    p-retry "^4"
    retry "^0.13.1"

"@types/body-parser@*":
  version "1.19.6"
  resolved "https://registry.npmjs.org/@types/body-parser/-/body-parser-1.19.6.tgz"
  integrity sha512-HLFeCYgz89uk22N5Qg3dvGvsv46B8GLvKKo1zKG4NybA8U2DiEO3w9lqGg29t/tfLRJpJ6iQxnVw4OnB7MoM9g==
  dependencies:
    "@types/connect" "*"
    "@types/node" "*"

"@types/connect@*":
  version "3.4.38"
  resolved "https://registry.npmjs.org/@types/connect/-/connect-3.4.38.tgz"
  integrity sha512-K6uROf1LD88uDQqJCktA4yzL1YYAK6NgfsI0v/mTgyPKWsX1CnJ0XPSDhViejru1GcRkLWb8RlzFYJRqGUbaug==
  dependencies:
    "@types/node" "*"

"@types/express-serve-static-core@^5.0.0":
  version "5.0.7"
  resolved "https://registry.npmjs.org/@types/express-serve-static-core/-/express-serve-static-core-5.0.7.tgz"
  integrity sha512-R+33OsgWw7rOhD1emjU7dzCDHucJrgJXMA5PYCzJxVil0dsyx5iBEPHqpPfiKNJQb7lZ1vxwoLR4Z87bBUpeGQ==
  dependencies:
    "@types/node" "*"
    "@types/qs" "*"
    "@types/range-parser" "*"
    "@types/send" "*"

"@types/express@^5.0.0":
  version "5.0.3"
  resolved "https://registry.npmjs.org/@types/express/-/express-5.0.3.tgz"
  integrity sha512-wGA0NX93b19/dZC1J18tKWVIYWyyF2ZjT9vin/NRu0qzzvfVzWjs04iq2rQ3H65vCTQYlRqs3YHfY7zjdV+9Kw==
  dependencies:
    "@types/body-parser" "*"
    "@types/express-serve-static-core" "^5.0.0"
    "@types/serve-static" "*"

"@types/http-errors@*":
  version "2.0.5"
  resolved "https://registry.npmjs.org/@types/http-errors/-/http-errors-2.0.5.tgz"
  integrity sha512-r8Tayk8HJnX0FztbZN7oVqGccWgw98T/0neJphO91KkmOzug1KkofZURD4UaD5uH8AqcFLfdPErnBod0u71/qg==

"@types/jsonwebtoken@^9":
  version "9.0.10"
  dependencies:
    "@types/ms" "*"
    "@types/node" "*"

"@types/mime@^1":
  version "1.3.5"
  resolved "https://registry.npmjs.org/@types/mime/-/mime-1.3.5.tgz"
  integrity sha512-/pyBZWSLD2n0dcHE3hq8s8ZvcETHtEuF+3E7XVt0Ig2nvsVQXdghHVcEkIWjy9A0wKfTn97a/PSDYohKIlnP/w==

"@types/ms@*":
  version "2.1.0"

"@types/node@*", "@types/node@^22.10.5":
  version "22.18.8"
  dependencies:
    undici-types "~6.21.0"

"@types/node@>=18":
  version "24.6.2"
  dependencies:
    undici-types "~7.13.0"

"@types/node@>=18.0.0":
  version "24.6.2"
  dependencies:
    undici-types "~7.13.0"

"@types/qs@*":
  version "6.14.0"
  resolved "https://registry.npmjs.org/@types/qs/-/qs-6.14.0.tgz"
  integrity sha512-eOunJqu0K1923aExK6y8p6fsihYEn/BYuQ4g0CxAAgFc4b/ZLN4CrsRZ55srTdqoiLzU2B2evC+apEIxprEzkQ==

"@types/range-parser@*":
  version "1.2.7"
  resolved "https://registry.npmjs.org/@types/range-parser/-/range-parser-1.2.7.tgz"
  integrity sha512-hKormJbkJqzQGhziax5PItDUTMAM9uE2XXQmM37dyd4hVM+5aVl7oVxMVUiVQn2oCQFN/LKCZdvSM0pFRqbSmQ==

"@types/retry@0.12.0":
  version "0.12.0"

"@types/send@*":
  version "1.2.0"
  resolved "https://registry.npmjs.org/@types/send/-/send-1.2.0.tgz"
  integrity sha512-zBF6vZJn1IaMpg3xUF25VK3gd3l8zwE0ZLRX7dsQyQi+jp4E8mMDJNGDYnYse+bQhYwWERTxVwHpi3dMOq7RKQ==
  dependencies:
    "@types/node" "*"

"@types/send@<1":
  version "0.17.5"
  resolved "https://registry.npmjs.org/@types/send/-/send-0.17.5.tgz"
  integrity sha512-z6F2D3cOStZvuk2SaP6YrwkNO65iTZcwA2ZkSABegdkAh/lf+Aa/YQndZVfmEXT5vgAp6zv06VQ3ejSVjAny4w==
  dependencies:
    "@types/mime" "^1"
    "@types/node" "*"

"@types/serve-static@*":
  version "1.15.9"
  resolved "https://registry.npmjs.org/@types/serve-static/-/serve-static-1.15.9.tgz"
  integrity sha512-dOTIuqpWLyl3BBXU3maNQsS4A3zuuoYRNIvYSxxhebPfXg2mzWQEPne/nlJ37yOse6uGgR386uTpdsx4D0QZWA==
  dependencies:
    "@types/http-errors" "*"
    "@types/node" "*"
    "@types/send" "<1"

"@types/ws@^8":
  version "8.18.1"
  dependencies:
    "@types/node" "*"

accepts@^2.0.0:
  version "2.0.0"
  dependencies:
    mime-types "^3.0.0"
    negotiator "^1.0.0"

async-function@^1.0.0:
  version "1.0.0"

async-generator-function@^1.0.0:
  version "1.0.0"

asynckit@^0.4.0:
  version "0.4.0"

axios@^1.11.0, axios@^1.8.3:
  version "1.12.2"
  dependencies:
    follow-redirects "^1.15.6"
    form-data "^4.0.4"
    proxy-from-env "^1.1.0"

before-after-hook@^2.2.0:
  version "2.2.3"

body-parser@^2.2.0:
  version "2.2.0"
  dependencies:
    bytes "^3.1.2"
    content-type "^1.0.5"
    debug "^4.4.0"
    http-errors "^2.0.0"
    iconv-lite "^0.6.3"
    on-finished "^2.4.1"
    qs "^6.14.0"
    raw-body "^3.0.0"
    type-is "^2.0.0"

buffer-equal-constant-time@1.0.1:
  version "1.0.1"

bytes@^3.1.2, bytes@3.1.2:
  version "3.1.2"

call-bind-apply-helpers@^1.0.1, call-bind-apply-helpers@^1.0.2:
  version "1.0.2"
  dependencies:
    es-errors "^1.3.0"
    function-bind "^1.1.2"

call-bound@^1.0.2:
  version "1.0.4"
  dependencies:
    call-bind-apply-helpers "^1.0.2"
    get-intrinsic "^1.3.0"

combined-stream@^1.0.8:
  version "1.0.8"
  dependencies:
    delayed-stream "~1.0.0"

content-disposition@^1.0.0:
  version "1.0.0"
  dependencies:
    safe-buffer "5.2.1"

content-type@^1.0.5:
  version "1.0.5"

cookie-signature@^1.2.1:
  version "1.2.2"

cookie@^0.7.1:
  version "0.7.2"

debug@^4.3.5, debug@^4.4.0:
  version "4.4.3"
  dependencies:
    ms "^2.1.3"

delayed-stream@~1.0.0:
  version "1.0.0"

depd@^2.0.0, depd@2.0.0:
  version "2.0.0"

deprecation@^2.0.0:
  version "2.3.1"

dunder-proto@^1.0.1:
  version "1.0.1"
  dependencies:
    call-bind-apply-helpers "^1.0.1"
    es-errors "^1.3.0"
    gopd "^1.2.0"

ecdsa-sig-formatter@1.0.11:
  version "1.0.11"
  dependencies:
    safe-buffer "^5.0.1"

ee-first@1.1.1:
  version "1.1.1"

encodeurl@^2.0.0:
  version "2.0.0"

es-define-property@^1.0.1:
  version "1.0.1"

es-errors@^1.3.0:
  version "1.3.0"

es-object-atoms@^1.0.0, es-object-atoms@^1.1.1:
  version "1.1.1"
  dependencies:
    es-errors "^1.3.0"

es-set-tostringtag@^2.1.0:
  version "2.1.0"
  dependencies:
    es-errors "^1.3.0"
    get-intrinsic "^1.2.6"
    has-tostringtag "^1.0.2"
    hasown "^2.0.2"

escape-html@^1.0.3:
  version "1.0.3"

etag@^1.8.1:
  version "1.8.1"

eventemitter3@^4.0.4:
  version "4.0.7"

eventemitter3@^5, eventemitter3@^5.0.1:
  version "5.0.1"

express@^5.0.0:
  version "5.1.0"
  dependencies:
    accepts "^2.0.0"
    body-parser "^2.2.0"
    content-disposition "^1.0.0"
    content-type "^1.0.5"
    cookie "^0.7.1"
    cookie-signature "^1.2.1"
    debug "^4.4.0"
    encodeurl "^2.0.0"
    escape-html "^1.0.3"
    etag "^1.8.1"
    finalhandler "^2.1.0"
    fresh "^2.0.0"
    http-errors "^2.0.0"
    merge-descriptors "^2.0.0"
    mime-types "^3.0.0"
    on-finished "^2.4.1"
    once "^1.4.0"
    parseurl "^1.3.3"
    proxy-addr "^2.0.7"
    qs "^6.14.0"
    range-parser "^1.2.1"
    router "^2.2.0"
    send "^1.1.0"
    serve-static "^2.2.0"
    statuses "^2.0.1"
    type-is "^2.0.1"
    vary "^1.1.2"

finalhandler@^2.1.0:
  version "2.1.0"
  dependencies:
    debug "^4.4.0"
    encodeurl "^2.0.0"
    escape-html "^1.0.3"
    on-finished "^2.4.1"
    parseurl "^1.3.3"
    statuses "^2.0.1"

follow-redirects@^1.15.6:
  version "1.15.11"

form-data@^4.0.4:
  version "4.0.4"
  dependencies:
    asynckit "^0.4.0"
    combined-stream "^1.0.8"
    es-set-tostringtag "^2.1.0"
    hasown "^2.0.2"
    mime-types "^2.1.12"

forwarded@0.2.0:
  version "0.2.0"

fresh@^2.0.0:
  version "2.0.0"

function-bind@^1.1.2:
  version "1.1.2"

generator-function@^2.0.0:
  version "2.0.1"

get-intrinsic@^1.2.5, get-intrinsic@^1.2.6, get-intrinsic@^1.3.0:
  version "1.3.1"
  dependencies:
    async-function "^1.0.0"
    async-generator-function "^1.0.0"
    call-bind-apply-helpers "^1.0.2"
    es-define-property "^1.0.1"
    es-errors "^1.3.0"
    es-object-atoms "^1.1.1"
    function-bind "^1.1.2"
    generator-function "^2.0.0"
    get-proto "^1.0.1"
    gopd "^1.2.0"
    has-symbols "^1.1.0"
    hasown "^2.0.2"
    math-intrinsics "^1.1.0"

get-proto@^1.0.1:
  version "1.0.1"
  dependencies:
    dunder-proto "^1.0.1"
    es-object-atoms "^1.0.0"

gopd@^1.2.0:
  version "1.2.0"

has-symbols@^1.0.3:
  version "1.0.3"

has-symbols@^1.1.0:
  version "1.1.0"

has-tostringtag@^1.0.2:
  version "1.0.2"
  dependencies:
    has-symbols "^1.0.3"

hasown@^2.0.2:
  version "2.0.2"
  dependencies:
    function-bind "^1.1.2"

http-errors@^2.0.0, http-errors@2.0.0:
  version "2.0.0"
  dependencies:
    depd "2.0.0"
    inherits "2.0.4"
    setprototypeof "1.2.0"
    statuses "2.0.1"
    toidentifier "1.0.1"

iconv-lite@^0.6.3:
  version "0.6.3"
  dependencies:
    safer-buffer ">= 2.1.2 < 3.0.0"

iconv-lite@0.7.0:
  version "0.7.0"
  dependencies:
    safer-buffer ">= 2.1.2 < 3.0.0"

inherits@2.0.4:
  version "2.0.4"

ipaddr.js@1.9.1:
  version "1.9.1"

is-electron@2.2.2:
  version "2.2.2"

is-promise@^4.0.0:
  version "4.0.0"

is-stream@^2:
  version "2.0.1"

jsonwebtoken@^9:
  version "9.0.2"
  dependencies:
    jws "^3.2.2"
    lodash.includes "^4.3.0"
    lodash.isboolean "^3.0.3"
    lodash.isinteger "^4.0.4"
    lodash.isnumber "^3.0.3"
    lodash.isplainobject "^4.0.6"
    lodash.isstring "^4.0.1"
    lodash.once "^4.0.0"
    ms "^2.1.1"
    semver "^7.5.4"

jwa@^1.4.1:
  version "1.4.1"
  dependencies:
    buffer-equal-constant-time "1.0.1"
    ecdsa-sig-formatter "1.0.11"
    safe-buffer "^5.0.1"

jws@^3.2.2:
  version "3.2.2"
  dependencies:
    jwa "^1.4.1"
    safe-buffer "^5.0.1"

lodash.includes@^4.3.0:
  version "4.3.0"

lodash.isboolean@^3.0.3:
  version "3.0.3"

lodash.isinteger@^4.0.4:
  version "4.0.4"

lodash.isnumber@^3.0.3:
  version "3.0.3"

lodash.isplainobject@^4.0.6:
  version "4.0.6"

lodash.isstring@^4.0.1:
  version "4.0.1"

lodash.once@^4.0.0:
  version "4.1.1"

math-intrinsics@^1.1.0:
  version "1.1.0"

media-typer@^1.1.0:
  version "1.1.0"

merge-descriptors@^2.0.0:
  version "2.0.0"

mime-db@^1.54.0:
  version "1.54.0"

mime-db@1.52.0:
  version "1.52.0"

mime-types@^2.1.12:
  version "2.1.35"
  dependencies:
    mime-db "1.52.0"

mime-types@^3.0.0, mime-types@^3.0.1:
  version "3.0.1"
  dependencies:
    mime-db "^1.54.0"

ms@^2.1.1, ms@^2.1.3:
  version "2.1.3"

negotiator@^1.0.0:
  version "1.0.0"

object-inspect@^1.13.3:
  version "1.13.4"

on-finished@^2.4.1:
  version "2.4.1"
  dependencies:
    ee-first "1.1.1"

once@^1.4.0:
  version "1.4.0"
  dependencies:
    wrappy "1"

p-finally@^1.0.0:
  version "1.0.0"

p-queue@^6:
  version "6.6.2"
  dependencies:
    eventemitter3 "^4.0.4"
    p-timeout "^3.2.0"

p-retry@^4:
  version "4.6.2"
  dependencies:
    "@types/retry" "0.12.0"
    retry "^0.13.1"

p-timeout@^3.2.0:
  version "3.2.0"
  dependencies:
    p-finally "^1.0.0"

parseurl@^1.3.3:
  version "1.3.3"

path-to-regexp@^8.0.0, path-to-regexp@^8.1.0:
  version "8.3.0"

proxy-addr@^2.0.7:
  version "2.0.7"
  dependencies:
    forwarded "0.2.0"
    ipaddr.js "1.9.1"

proxy-from-env@^1.1.0:
  version "1.1.0"

qs@^6.14.0:
  version "6.14.0"
  dependencies:
    side-channel "^1.1.0"

range-parser@^1.2.1:
  version "1.2.1"

raw-body@^3, raw-body@^3.0.0:
  version "3.0.1"
  dependencies:
    bytes "3.1.2"
    http-errors "2.0.0"
    iconv-lite "0.7.0"
    unpipe "1.0.0"

retry@^0.13.1:
  version "0.13.1"

router@^2.2.0:
  version "2.2.0"
  dependencies:
    debug "^4.4.0"
    depd "^2.0.0"
    is-promise "^4.0.0"
    parseurl "^1.3.3"
    path-to-regexp "^8.0.0"

safe-buffer@^5.0.1, safe-buffer@5.2.1:
  version "5.2.1"

"safer-buffer@>= 2.1.2 < 3.0.0":
  version "2.1.2"

semver@^7.5.4:
  version "7.7.2"

send@^1.1.0, send@^1.2.0:
  version "1.2.0"
  dependencies:
    debug "^4.3.5"
    encodeurl "^2.0.0"
    escape-html "^1.0.3"
    etag "^1.8.1"
    fresh "^2.0.0"
    http-errors "^2.0.0"
    mime-types "^3.0.1"
    ms "^2.1.3"
    on-finished "^2.4.1"
    range-parser "^1.2.1"
    statuses "^2.0.1"

serve-static@^2.2.0:
  version "2.2.0"
  dependencies:
    encodeurl "^2.0.0"
    escape-html "^1.0.3"
    parseurl "^1.3.3"
    send "^1.2.0"

setprototypeof@1.2.0:
  version "1.2.0"

side-channel-list@^1.0.0:
  version "1.0.0"
  dependencies:
    es-errors "^1.3.0"
    object-inspect "^1.13.3"

side-channel-map@^1.0.1:
  version "1.0.1"
  dependencies:
    call-bound "^1.0.2"
    es-errors "^1.3.0"
    get-intrinsic "^1.2.5"
    object-inspect "^1.13.3"

side-channel-weakmap@^1.0.2:
  version "1.0.2"
  dependencies:
    call-bound "^1.0.2"
    es-errors "^1.3.0"
    get-intrinsic "^1.2.5"
    object-inspect "^1.13.3"
    side-channel-map "^1.0.1"

side-channel@^1.1.0:
  version "1.1.0"
  dependencies:
    es-errors "^1.3.0"
    object-inspect "^1.13.3"
    side-channel-list "^1.0.0"
    side-channel-map "^1.0.1"
    side-channel-weakmap "^1.0.2"

statuses@^2.0.1:
  version "2.0.2"

statuses@2.0.1:
  version "2.0.1"

toidentifier@1.0.1:
  version "1.0.1"

tsscmp@^1.0.6:
  version "1.0.6"

tunnel@^0.0.6:
  version "0.0.6"

type-is@^2.0.0, type-is@^2.0.1:
  version "2.0.1"
  dependencies:
    content-type "^1.0.5"
    media-typer "^1.1.0"
    mime-types "^3.0.0"

typescript@^5.7.3:
  version "5.9.3"

undici-types@~6.21.0:
  version "6.21.0"

undici-types@~7.13.0:
  version "7.13.0"

undici@^5.25.4, undici@^5.28.5:
  version "5.29.0"
  dependencies:
    "@fastify/busboy" "^2.0.0"

universal-user-agent@^6.0.0:
  version "6.0.0"

unpipe@1.0.0:
  version "1.0.0"

vary@^1.1.2:
  version "1.1.2"

wrappy@1:
  version "1.0.2"

ws@^8:
  version "8.18.3"
